// !$*UTF8*$!
{
	archiveVersion = 1;
	classes = {
	};
	objectVersion = 50;
	objects = {

/* Begin PBXBuildFile section */
		8814A6A52167BCC9006A1B76 /* Item.swift in Sources */ = {isa = PBXBuildFile; fileRef = 8814A6A42167BCC9006A1B76 /* Item.swift */; };
		8814A6A72167BCFE006A1B76 /* ItemCell.swift in Sources */ = {isa = PBXBuildFile; fileRef = 8814A6A62167BCFE006A1B76 /* ItemCell.swift */; };
		8814A6A92167BD1C006A1B76 /* Ex.swift in Sources */ = {isa = PBXBuildFile; fileRef = 8814A6A82167BD1C006A1B76 /* Ex.swift */; };
		8814A6AB2167BD35006A1B76 /* Podfile in Resources */ = {isa = PBXBuildFile; fileRef = 8814A6AA2167BD35006A1B76 /* Podfile */; };
		88EC66072164B344006CB150 /* AppDelegate.swift in Sources */ = {isa = PBXBuildFile; fileRef = 88EC66062164B344006CB150 /* AppDelegate.swift */; };
		88EC66092164B344006CB150 /* ViewController.swift in Sources */ = {isa = PBXBuildFile; fileRef = 88EC66082164B344006CB150 /* ViewController.swift */; };
		88EC660C2164B344006CB150 /* Main.storyboard in Resources */ = {isa = PBXBuildFile; fileRef = 88EC660A2164B344006CB150 /* Main.storyboard */; };
		88EC660E2164B34D006CB150 /* Assets.xcassets in Resources */ = {isa = PBXBuildFile; fileRef = 88EC660D2164B34D006CB150 /* Assets.xcassets */; };
		88EC66112164B34D006CB150 /* LaunchScreen.storyboard in Resources */ = {isa = PBXBuildFile; fileRef = 88EC660F2164B34D006CB150 /* LaunchScreen.storyboard */; };
		B110098FA4E1573AFCD519B7 /* Pods_GitHubJob.framework in Frameworks */ = {isa = PBXBuildFile; fileRef = D3AE9799B43BE91E4418BAC7 /* Pods_GitHubJob.framework */; };
/* End PBXBuildFile section */

/* Begin PBXFileReference section */
		565F34C218679809CD167843 /* Pods-GitHubJob.debug.xcconfig */ = {isa = PBXFileReference; includeInIndex = 1; lastKnownFileType = text.xcconfig; name = "Pods-GitHubJob.debug.xcconfig"; path = "Pods/Target Support Files/Pods-GitHubJob/Pods-GitHubJob.debug.xcconfig"; sourceTree = "<group>"; };
		5E732F824CC4AC6D063FD80C /* Pods-GitHubJob.release.xcconfig */ = {isa = PBXFileReference; includeInIndex = 1; lastKnownFileType = text.xcconfig; name = "Pods-GitHubJob.release.xcconfig"; path = "Pods/Target Support Files/Pods-GitHubJob/Pods-GitHubJob.release.xcconfig"; sourceTree = "<group>"; };
		8814A6A42167BCC9006A1B76 /* Item.swift */ = {isa = PBXFileReference; lastKnownFileType = sourcecode.swift; path = Item.swift; sourceTree = "<group>"; };
		8814A6A62167BCFE006A1B76 /* ItemCell.swift */ = {isa = PBXFileReference; lastKnownFileType = sourcecode.swift; path = ItemCell.swift; sourceTree = "<group>"; };
		8814A6A82167BD1C006A1B76 /* Ex.swift */ = {isa = PBXFileReference; lastKnownFileType = sourcecode.swift; path = Ex.swift; sourceTree = "<group>"; };
		8814A6AA2167BD35006A1B76 /* Podfile */ = {isa = PBXFileReference; lastKnownFileType = text; path = Podfile; sourceTree = "<group>"; xcLanguageSpecificationIdentifier = xcode.lang.ruby; };
		88EC66032164B344006CB150 /* GitHubJob.app */ = {isa = PBXFileReference; explicitFileType = wrapper.application; includeInIndex = 0; path = GitHubJob.app; sourceTree = BUILT_PRODUCTS_DIR; };
		88EC66062164B344006CB150 /* AppDelegate.swift */ = {isa = PBXFileReference; lastKnownFileType = sourcecode.swift; path = AppDelegate.swift; sourceTree = "<group>"; };
		88EC66082164B344006CB150 /* ViewController.swift */ = {isa = PBXFileReference; lastKnownFileType = sourcecode.swift; path = ViewController.swift; sourceTree = "<group>"; };
		88EC660B2164B344006CB150 /* Base */ = {isa = PBXFileReference; lastKnownFileType = file.storyboard; name = Base; path = Base.lproj/Main.storyboard; sourceTree = "<group>"; };
		88EC660D2164B34D006CB150 /* Assets.xcassets */ = {isa = PBXFileReference; lastKnownFileType = folder.assetcatalog; path = Assets.xcassets; sourceTree = "<group>"; };
		88EC66102164B34D006CB150 /* Base */ = {isa = PBXFileReference; lastKnownFileType = file.storyboard; name = Base; path = Base.lproj/LaunchScreen.storyboard; sourceTree = "<group>"; };
		88EC66122164B34D006CB150 /* Info.plist */ = {isa = PBXFileReference; lastKnownFileType = text.plist.xml; path = Info.plist; sourceTree = "<group>"; };
		D3AE9799B43BE91E4418BAC7 /* Pods_GitHubJob.framework */ = {isa = PBXFileReference; explicitFileType = wrapper.framework; includeInIndex = 0; path = Pods_GitHubJob.framework; sourceTree = BUILT_PRODUCTS_DIR; };
/* End PBXFileReference section */

/* Begin PBXFrameworksBuildPhase section */
		88EC66002164B344006CB150 /* Frameworks */ = {
			isa = PBXFrameworksBuildPhase;
			buildActionMask = 2147483647;
			files = (
				B110098FA4E1573AFCD519B7 /* Pods_GitHubJob.framework in Frameworks */,
			);
			runOnlyForDeploymentPostprocessing = 0;
		};
/* End PBXFrameworksBuildPhase section */

/* Begin PBXGroup section */
		367D3F20434D3C677E825F34 /* Frameworks */ = {
			isa = PBXGroup;
			children = (
				D3AE9799B43BE91E4418BAC7 /* Pods_GitHubJob.framework */,
			);
			name = Frameworks;
			sourceTree = "<group>";
		};
		88EC65FA2164B343006CB150 = {
			isa = PBXGroup;
			children = (
				8814A6AA2167BD35006A1B76 /* Podfile */,
				88EC66052164B344006CB150 /* GitHubJob */,
				88EC66042164B344006CB150 /* Products */,
				A9529A07F55A63D7A2B9ABBB /* Pods */,
				367D3F20434D3C677E825F34 /* Frameworks */,
			);
			sourceTree = "<group>";
		};
		88EC66042164B344006CB150 /* Products */ = {
			isa = PBXGroup;
			children = (
				88EC66032164B344006CB150 /* GitHubJob.app */,
			);
			name = Products;
			sourceTree = "<group>";
		};
		88EC66052164B344006CB150 /* GitHubJob */ = {
			isa = PBXGroup;
			children = (
				88EC66062164B344006CB150 /* AppDelegate.swift */,
				88EC66082164B344006CB150 /* ViewController.swift */,
				8814A6A42167BCC9006A1B76 /* Item.swift */,
				8814A6A62167BCFE006A1B76 /* ItemCell.swift */,
				88EC660A2164B344006CB150 /* Main.storyboard */,
				88EC660D2164B34D006CB150 /* Assets.xcassets */,
				88EC660F2164B34D006CB150 /* LaunchScreen.storyboard */,
				88EC66122164B34D006CB150 /* Info.plist */,
				8814A6A82167BD1C006A1B76 /* Ex.swift */,
			);
			path = GitHubJob;
			sourceTree = "<group>";
		};
		A9529A07F55A63D7A2B9ABBB /* Pods */ = {
			isa = PBXGroup;
			children = (
				565F34C218679809CD167843 /* Pods-GitHubJob.debug.xcconfig */,
				5E732F824CC4AC6D063FD80C /* Pods-GitHubJob.release.xcconfig */,
			);
			name = Pods;
			sourceTree = "<group>";
		};
/* End PBXGroup section */

/* Begin PBXNativeTarget section */
		88EC66022164B344006CB150 /* GitHubJob */ = {
			isa = PBXNativeTarget;
			buildConfigurationList = 88EC66152164B34D006CB150 /* Build configuration list for PBXNativeTarget "GitHubJob" */;
			buildPhases = (
				7EBBE2DF9909702BFBB6AE74 /* [CP] Check Pods Manifest.lock */,
				88EC65FF2164B344006CB150 /* Sources */,
				88EC66002164B344006CB150 /* Frameworks */,
				88EC66012164B344006CB150 /* Resources */,
				48F0ED678680655140290494 /* [CP] Embed Pods Frameworks */,
			);
			buildRules = (
			);
			dependencies = (
			);
			name = GitHubJob;
			productName = GitHubJob;
			productReference = 88EC66032164B344006CB150 /* GitHubJob.app */;
			productType = "com.apple.product-type.application";
		};
/* End PBXNativeTarget section */

/* Begin PBXProject section */
		88EC65FB2164B343006CB150 /* Project object */ = {
			isa = PBXProject;
			attributes = {
				LastSwiftUpdateCheck = 1000;
				LastUpgradeCheck = 1000;
				ORGANIZATIONNAME = "Sergey Koriukin";
				TargetAttributes = {
					88EC66022164B344006CB150 = {
						CreatedOnToolsVersion = 10.0;
					};
				};
			};
			buildConfigurationList = 88EC65FE2164B343006CB150 /* Build configuration list for PBXProject "GitHubJob" */;
			compatibilityVersion = "Xcode 9.3";
			developmentRegion = en;
			hasScannedForEncodings = 0;
			knownRegions = (
				en,
				Base,
			);
			mainGroup = 88EC65FA2164B343006CB150;
			productRefGroup = 88EC66042164B344006CB150 /* Products */;
			projectDirPath = "";
			projectRoot = "";
			targets = (
				88EC66022164B344006CB150 /* GitHubJob */,
			);
		};
/* End PBXProject section */

/* Begin PBXResourcesBuildPhase section */
		88EC66012164B344006CB150 /* Resources */ = {
			isa = PBXResourcesBuildPhase;
			buildActionMask = 2147483647;
			files = (
				88EC66112164B34D006CB150 /* LaunchScreen.storyboard in Resources */,
				88EC660E2164B34D006CB150 /* Assets.xcassets in Resources */,
				8814A6AB2167BD35006A1B76 /* Podfile in Resources */,
				88EC660C2164B344006CB150 /* Main.storyboard in Resources */,
			);
			runOnlyForDeploymentPostprocessing = 0;
		};
/* End PBXResourcesBuildPhase section */

/* Begin PBXShellScriptBuildPhase section */
		48F0ED678680655140290494 /* [CP] Embed Pods Frameworks */ = {
			isa = PBXShellScriptBuildPhase;
			buildActionMask = 2147483647;
			files = (
			);
			inputPaths = (
				"${SRCROOT}/Pods/Target Support Files/Pods-GitHubJob/Pods-GitHubJob-frameworks.sh",
				"${BUILT_PRODUCTS_DIR}/Alamofire/Alamofire.framework",
			);
			name = "[CP] Embed Pods Frameworks";
			outputPaths = (
				"${TARGET_BUILD_DIR}/${FRAMEWORKS_FOLDER_PATH}/Alamofire.framework",
			);
			runOnlyForDeploymentPostprocessing = 0;
			shellPath = /bin/sh;
			shellScript = "\"${SRCROOT}/Pods/Target Support Files/Pods-GitHubJob/Pods-GitHubJob-frameworks.sh\"\n";
			showEnvVarsInLog = 0;
		};
		7EBBE2DF9909702BFBB6AE74 /* [CP] Check Pods Manifest.lock */ = {
			isa = PBXShellScriptBuildPhase;
			buildActionMask = 2147483647;
			files = (
			);
			inputPaths = (
				"${PODS_PODFILE_DIR_PATH}/Podfile.lock",
				"${PODS_ROOT}/Manifest.lock",
			);
			name = "[CP] Check Pods Manifest.lock";
			outputPaths = (
				"$(DERIVED_FILE_DIR)/Pods-GitHubJob-checkManifestLockResult.txt",
			);
			runOnlyForDeploymentPostprocessing = 0;
			shellPath = /bin/sh;
			shellScript = "diff \"${PODS_PODFILE_DIR_PATH}/Podfile.lock\" \"${PODS_ROOT}/Manifest.lock\" > /dev/null\nif [ $? != 0 ] ; then\n    # print error to STDERR\n    echo \"error: The sandbox is not in sync with the Podfile.lock. Run 'pod install' or update your CocoaPods installation.\" >&2\n    exit 1\nfi\n# This output is used by Xcode 'outputs' to avoid re-running this script phase.\necho \"SUCCESS\" > \"${SCRIPT_OUTPUT_FILE_0}\"\n";
			showEnvVarsInLog = 0;
		};
/* End PBXShellScriptBuildPhase section */

/* Begin PBXSourcesBuildPhase section */
		88EC65FF2164B344006CB150 /* Sources */ = {
			isa = PBXSourcesBuildPhase;
			buildActionMask = 2147483647;
			files = (
				8814A6A72167BCFE006A1B76 /* ItemCell.swift in Sources */,
				88EC66092164B344006CB150 /* ViewController.swift in Sources */,
				8814A6A52167BCC9006A1B76 /* Item.swift in Sources */,
				8814A6A92167BD1C006A1B76 /* Ex.swift in Sources */,
				88EC66072164B344006CB150 /* AppDelegate.swift in Sources */,
			);
			runOnlyForDeploymentPostprocessing = 0;
		};
/* End PBXSourcesBuildPhase section */

/* Begin PBXVariantGroup section */
		88EC660A2164B344006CB150 /* Main.storyboard */ = {
			isa = PBXVariantGroup;
			children = (
				88EC660B2164B344006CB150 /* Base */,
			);
			name = Main.storyboard;
			sourceTree = "<group>";
		};
		88EC660F2164B34D006CB150 /* LaunchScreen.storyboard */ = {
			isa = PBXVariantGroup;
			children = (
				88EC66102164B34D006CB150 /* Base */,
			);
			name = LaunchScreen.storyboard;
			sourceTree = "<group>";
		};
/* End PBXVariantGroup section */

/* Begin XCBuildConfiguration section */
		88EC66132164B34D006CB150 /* Debug */ = {
			isa = XCBuildConfiguration;
			buildSettings = {
				ALWAYS_SEARCH_USER_PATHS = NO;
				CLANG_ANALYZER_NONNULL = YES;
				CLANG_ANALYZER_NUMBER_OBJECT_CONVERSION = YES_AGGRESSIVE;
				CLANG_CXX_LANGUAGE_STANDARD = "gnu++14";
				CLANG_CXX_LIBRARY = "libc++";
				CLANG_ENABLE_MODULES = YES;
				CLANG_ENABLE_OBJC_ARC = YES;
				CLANG_ENABLE_OBJC_WEAK = YES;
				CLANG_WARN_BLOCK_CAPTURE_AUTORELEASING = YES;
				CLANG_WARN_BOOL_CONVERSION = YES;
				CLANG_WARN_COMMA = YES;
				CLANG_WARN_CONSTANT_CONVERSION = YES;
				CLANG_WARN_DEPRECATED_OBJC_IMPLEMENTATIONS = YES;
				CLANG_WARN_DIRECT_OBJC_ISA_USAGE = YES_ERROR;
				CLANG_WARN_DOCUMENTATION_COMMENTS = YES;
				CLANG_WARN_EMPTY_BODY = YES;
				CLANG_WARN_ENUM_CONVERSION = YES;
				CLANG_WARN_INFINITE_RECURSION = YES;
				CLANG_WARN_INT_CONVERSION = YES;
				CLANG_WARN_NON_LITERAL_NULL_CONVERSION = YES;
				CLANG_WARN_OBJC_IMPLICIT_RETAIN_SELF = YES;
				CLANG_WARN_OBJC_LITERAL_CONVERSION = YES;
				CLANG_WARN_OBJC_ROOT_CLASS = YES_ERROR;
				CLANG_WARN_RANGE_LOOP_ANALYSIS = YES;
				CLANG_WARN_STRICT_PROTOTYPES = YES;
				CLANG_WARN_SUSPICIOUS_MOVE = YES;
				CLANG_WARN_UNGUARDED_AVAILABILITY = YES_AGGRESSIVE;
				CLANG_WARN_UNREACHABLE_CODE = YES;
				CLANG_WARN__DUPLICATE_METHOD_MATCH = YES;
				CODE_SIGN_IDENTITY = "iPhone Developer";
				COPY_PHASE_STRIP = NO;
				DEBUG_INFORMATION_FORMAT = dwarf;
				ENABLE_STRICT_OBJC_MSGSEND = YES;
				ENABLE_TESTABILITY = YES;
				GCC_C_LANGUAGE_STANDARD = gnu11;
				GCC_DYNAMIC_NO_PIC = NO;
				GCC_NO_COMMON_BLOCKS = YES;
				GCC_OPTIMIZATION_LEVEL = 0;
				GCC_PREPROCESSOR_DEFINITIONS = (
					"DEBUG=1",
					"$(inherited)",
				);
				GCC_WARN_64_TO_32_BIT_CONVERSION = YES;
				GCC_WARN_ABOUT_RETURN_TYPE = YES_ERROR;
				GCC_WARN_UNDECLARED_SELECTOR = YES;
				GCC_WARN_UNINITIALIZED_AUTOS = YES_AGGRESSIVE;
				GCC_WARN_UNUSED_FUNCTION = YES;
				GCC_WARN_UNUSED_VARIABLE = YES;
				IPHONEOS_DEPLOYMENT_TARGET = 12.0;
				MTL_ENABLE_DEBUG_INFO = INCLUDE_SOURCE;
				MTL_FAST_MATH = YES;
				ONLY_ACTIVE_ARCH = YES;
				SDKROOT = iphoneos;
				SWIFT_ACTIVE_COMPILATION_CONDITIONS = DEBUG;
				SWIFT_OPTIMIZATION_LEVEL = "-Onone";
			};
			name = Debug;
		};
		88EC66142164B34D006CB150 /* Release */ = {
			isa = XCBuildConfiguration;
			buildSettings = {
				ALWAYS_SEARCH_USER_PATHS = NO;
				CLANG_ANALYZER_NONNULL = YES;
				CLANG_ANALYZER_NUMBER_OBJECT_CONVERSION = YES_AGGRESSIVE;
				CLANG_CXX_LANGUAGE_STANDARD = "gnu++14";
				CLANG_CXX_LIBRARY = "libc++";
				CLANG_ENABLE_MODULES = YES;
				CLANG_ENABLE_OBJC_ARC = YES;
				CLANG_ENABLE_OBJC_WEAK = YES;
				CLANG_WARN_BLOCK_CAPTURE_AUTORELEASING = YES;
				CLANG_WARN_BOOL_CONVERSION = YES;
				CLANG_WARN_COMMA = YES;
				CLANG_WARN_CONSTANT_CONVERSION = YES;
				CLANG_WARN_DEPRECATED_OBJC_IMPLEMENTATIONS = YES;
				CLANG_WARN_DIRECT_OBJC_ISA_USAGE = YES_ERROR;
				CLANG_WARN_DOCUMENTATION_COMMENTS = YES;
				CLANG_WARN_EMPTY_BODY = YES;
				CLANG_WARN_ENUM_CONVERSION = YES;
				CLANG_WARN_INFINITE_RECURSION = YES;
				CLANG_WARN_INT_CONVERSION = YES;
				CLANG_WARN_NON_LITERAL_NULL_CONVERSION = YES;
				CLANG_WARN_OBJC_IMPLICIT_RETAIN_SELF = YES;
				CLANG_WARN_OBJC_LITERAL_CONVERSION = YES;
				CLANG_WARN_OBJC_ROOT_CLASS = YES_ERROR;
				CLANG_WARN_RANGE_LOOP_ANALYSIS = YES;
				CLANG_WARN_STRICT_PROTOTYPES = YES;
				CLANG_WARN_SUSPICIOUS_MOVE = YES;
				CLANG_WARN_UNGUARDED_AVAILABILITY = YES_AGGRESSIVE;
				CLANG_WARN_UNREACHABLE_CODE = YES;
				CLANG_WARN__DUPLICATE_METHOD_MATCH = YES;
				CODE_SIGN_IDENTITY = "iPhone Developer";
				COPY_PHASE_STRIP = NO;
				DEBUG_INFORMATION_FORMAT = "dwarf-with-dsym";
				ENABLE_NS_ASSERTIONS = NO;
				ENABLE_STRICT_OBJC_MSGSEND = YES;
				GCC_C_LANGUAGE_STANDARD = gnu11;
				GCC_NO_COMMON_BLOCKS = YES;
				GCC_WARN_64_TO_32_BIT_CONVERSION = YES;
				GCC_WARN_ABOUT_RETURN_TYPE = YES_ERROR;
				GCC_WARN_UNDECLARED_SELECTOR = YES;
				GCC_WARN_UNINITIALIZED_AUTOS = YES_AGGRESSIVE;
				GCC_WARN_UNUSED_FUNCTION = YES;
				GCC_WARN_UNUSED_VARIABLE = YES;
				IPHONEOS_DEPLOYMENT_TARGET = 12.0;
				MTL_ENABLE_DEBUG_INFO = NO;
				MTL_FAST_MATH = YES;
				SDKROOT = iphoneos;
				SWIFT_COMPILATION_MODE = wholemodule;
				SWIFT_OPTIMIZATION_LEVEL = "-O";
				VALIDATE_PRODUCT = YES;
			};
			name = Release;
		};
		88EC66162164B34D006CB150 /* Debug */ = {
			isa = XCBuildConfiguration;
			baseConfigurationReference = 565F34C218679809CD167843 /* Pods-GitHubJob.debug.xcconfig */;
			buildSettings = {
				ASSETCATALOG_COMPILER_APPICON_NAME = AppIcon;
				CODE_SIGN_STYLE = Automatic;
				DEVELOPMENT_TEAM = 48BAMVNW77;
				INFOPLIST_FILE = GitHubJob/Info.plist;
				LD_RUNPATH_SEARCH_PATHS = (
					"$(inherited)",
					"@executable_path/Frameworks",
				);
				PRODUCT_BUNDLE_IDENTIFIER = kapitan.GitHubJob;
				PRODUCT_NAME = "$(TARGET_NAME)";
				SWIFT_VERSION = 4.2;
				TARGETED_DEVICE_FAMILY = "1,2";
			};
			name = Debug;
		};
		88EC66172164B34D006CB150 /* Release */ = {
			isa = XCBuildConfiguration;
			baseConfigurationReference = 5E732F824CC4AC6D063FD80C /* Pods-GitHubJob.release.xcconfig */;
			buildSettings = {
				ASSETCATALOG_COMPILER_APPICON_NAME = AppIcon;
				CODE_SIGN_STYLE = Automatic;
				DEVELOPMENT_TEAM = 48BAMVNW77;
				INFOPLIST_FILE = GitHubJob/Info.plist;
				LD_RUNPATH_SEARCH_PATHS = (
					"$(inherited)",
					"@executable_path/Frameworks",
				);
				PRODUCT_BUNDLE_IDENTIFIER = kapitan.GitHubJob;
				PRODUCT_NAME = "$(TARGET_NAME)";
				SWIFT_VERSION = 4.2;
				TARGETED_DEVICE_FAMILY = "1,2";
			};
			name = Release;
		};
/* End XCBuildConfiguration section */

/* Begin XCConfigurationList section */
		88EC65FE2164B343006CB150 /* Build configuration list for PBXProject "GitHubJob" */ = {
			isa = XCConfigurationList;
			buildConfigurations = (
				88EC66132164B34D006CB150 /* Debug */,
				88EC66142164B34D006CB150 /* Release */,
			);
			defaultConfigurationIsVisible = 0;
			defaultConfigurationName = Release;
		};
		88EC66152164B34D006CB150 /* Build configuration list for PBXNativeTarget "GitHubJob" */ = {
			isa = XCConfigurationList;
			buildConfigurations = (
				88EC66162164B34D006CB150 /* Debug */,
				88EC66172164B34D006CB150 /* Release */,
			);
			defaultConfigurationIsVisible = 0;
			defaultConfigurationName = Release;
		};
/* End XCConfigurationList section */
	};
	rootObject = 88EC65FB2164B343006CB150 /* Project object */;
}
